
Microsoft Visual Studio Solution File, Format Version 12.00
# Visual Studio Version 16
VisualStudioVersion = 16.0.29215.179
MinimumVisualStudioVersion = 10.0.40219.1
Project("{FAE04EC0-301F-11D3-BF4B-00C04F79EFBC}") = "HomeWork2", "HomeWork2\HomeWork2.csproj", "{F180E94C-625C-49EB-8670-D0AA25AE1E1C}"
EndProject
Global
	GlobalSection(SolutionConfigurationPlatforms) = preSolution
		Debug|Any CPU = Debug|Any CPU
		Release|Any CPU = Release|Any CPU
	EndGlobalSection
	GlobalSection(ProjectConfigurationPlatforms) = postSolution
		{F180E94C-625C-49EB-8670-D0AA25AE1E1C}.Debug|Any CPU.ActiveCfg = Debug|Any CPU
		{F180E94C-625C-49EB-8670-D0AA25AE1E1C}.Debug|Any CPU.Build.0 = Debug|Any CPU
		{F180E94C-625C-49EB-8670-D0AA25AE1E1C}.Release|Any CPU.ActiveCfg = Release|Any CPU
		{F180E94C-625C-49EB-8670-D0AA25AE1E1C}.Release|Any CPU.Build.0 = Release|Any CPU
	EndGlobalSection
	GlobalSection(SolutionProperties) = preSolution
		HideSolutionNode = FALSE
	EndGlobalSection
	GlobalSection(ExtensibilityGlobals) = postSolution
		SolutionGuid = {B712D642-4D38-42F1-9BAF-0BADAE25C70B}
	EndGlobalSection
EndGlobal
